
Microsoft Visual Studio Solution File, Format Version 12.00
# Visual Studio 15
VisualStudioVersion = 15.0.27703.2035
MinimumVisualStudioVersion = 10.0.40219.1
Project("{FAE04EC0-301F-11D3-BF4B-00C04F79EFBC}") = "Travalon.Api", "Travalon.Api\Travalon.Api.csproj", "{F44C5E58-44C6-4F54-ADFD-23B5ABF569EF}"
EndProject
Global
	GlobalSection(SolutionConfigurationPlatforms) = preSolution
		Debug|Any CPU = Debug|Any CPU
		Release|Any CPU = Release|Any CPU
	EndGlobalSection
	GlobalSection(ProjectConfigurationPlatforms) = postSolution
		{F44C5E58-44C6-4F54-ADFD-23B5ABF569EF}.Debug|Any CPU.ActiveCfg = Debug|Any CPU
		{F44C5E58-44C6-4F54-ADFD-23B5ABF569EF}.Debug|Any CPU.Build.0 = Debug|Any CPU
		{F44C5E58-44C6-4F54-ADFD-23B5ABF569EF}.Release|Any CPU.ActiveCfg = Release|Any CPU
		{F44C5E58-44C6-4F54-ADFD-23B5ABF569EF}.Release|Any CPU.Build.0 = Release|Any CPU
	EndGlobalSection
	GlobalSection(SolutionProperties) = preSolution
		HideSolutionNode = FALSE
	EndGlobalSection
	GlobalSection(ExtensibilityGlobals) = postSolution
		SolutionGuid = {15807C4D-2E23-4F7D-A73E-576BD344DDC1}
	EndGlobalSection
EndGlobal
